
Microsoft Visual Studio Solution File, Format Version 11.00
# Visual Studio 2010
Project("{F184B08F-C81C-45F6-A57F-5ABD9991F28F}") = "sp_bank_sampah", "sp_bank_sampah.vbproj", "{554A8680-3686-48AB-8BC8-17455EF5BE4B}"
EndProject
Global
	GlobalSection(SolutionConfigurationPlatforms) = preSolution
		Debug|x86 = Debug|x86
		Release|x86 = Release|x86
	EndGlobalSection
	GlobalSection(ProjectConfigurationPlatforms) = postSolution
		{554A8680-3686-48AB-8BC8-17455EF5BE4B}.Debug|x86.ActiveCfg = Debug|x86
		{554A8680-3686-48AB-8BC8-17455EF5BE4B}.Debug|x86.Build.0 = Debug|x86
		{554A8680-3686-48AB-8BC8-17455EF5BE4B}.Release|x86.ActiveCfg = Release|x86
		{554A8680-3686-48AB-8BC8-17455EF5BE4B}.Release|x86.Build.0 = Release|x86
	EndGlobalSection
	GlobalSection(SolutionProperties) = preSolution
		HideSolutionNode = FALSE
	EndGlobalSection
EndGlobal
